{
	"requires": true,
	"lockfileVersion": 1,
	"dependencies": {
		"@types/zen-observable": {
			"version": "0.5.3",
			"resolved": "https://registry.npmjs.org/@types/zen-observable/-/zen-observable-0.5.3.tgz",
			"integrity": "sha512-aDvGDAHcVfUqNmd8q4//cHAP+HGxsbChbBbuk3+kMVk5TTxfWLpQWvVN3+UPjohLnwMYN7jr6BWNn2cYNqdm7g=="
		},
		"apollo-cache-control": {
			"version": "0.0.9",
			"resolved": "https://registry.npmjs.org/apollo-cache-control/-/apollo-cache-control-0.0.9.tgz",
			"integrity": "sha512-bspKyM9gBDxv2nnKPSErzzZiSOdvRXnHwS/3gwBucZG1Dz5U4H6xyPtCx754/YfRto1yT9bUMc7vW85jJ/acOA==",
			"requires": {
				"graphql-extensions": "0.0.7"
			}
		},
		"apollo-link": {
			"version": "1.0.7",
			"resolved": "https://registry.npmjs.org/apollo-link/-/apollo-link-1.0.7.tgz",
			"integrity": "sha512-oHzvpIDEy4UCNdbOw42wtOK1zOzdMrt4ulYyon24zT24MjicezTmXqJh2mR6whTl8RiUDLDY4ByusdKKXdcqHw==",
			"requires": {
				"@types/zen-observable": "0.5.3",
				"apollo-utilities": "1.0.5",
				"zen-observable": "0.6.1"
			}
		},
		"apollo-server-core": {
			"version": "1.3.2",
			"resolved": "https://registry.npmjs.org/apollo-server-core/-/apollo-server-core-1.3.2.tgz",
			"integrity": "sha1-82hVo+vcLXe4ucRUOAvx1wYQX/w=",
			"requires": {
				"apollo-cache-control": "0.0.9",
				"apollo-tracing": "0.1.3",
				"graphql-extensions": "0.0.7"
			}
		},
		"apollo-server-micro": {
			"version": "1.3.2",
			"resolved": "https://registry.npmjs.org/apollo-server-micro/-/apollo-server-micro-1.3.2.tgz",
			"integrity": "sha1-5m1zgWPE6mnLcahWx8mLmTcK45Q=",
			"requires": {
				"apollo-server-core": "1.3.2",
				"apollo-server-module-graphiql": "1.3.2"
			}
		},
		"apollo-server-module-graphiql": {
			"version": "1.3.2",
			"resolved": "https://registry.npmjs.org/apollo-server-module-graphiql/-/apollo-server-module-graphiql-1.3.2.tgz",
			"integrity": "sha1-Cp5MSN7OOvkE/uMz+V97mBczXKc="
		},
		"apollo-tracing": {
			"version": "0.1.3",
			"resolved": "https://registry.npmjs.org/apollo-tracing/-/apollo-tracing-0.1.3.tgz",
			"integrity": "sha512-LZhSDL4oe9iNkedzJk6tQ6zLXmw/lwCvB0HDZyJjdp8rqrW+RN0Fk6MmZtNq9Z0olwOUh8EN3vIpzLwR3CJTrw==",
			"requires": {
				"graphql-extensions": "0.0.7"
			}
		},
		"apollo-utilities": {
			"version": "1.0.5",
			"resolved": "https://registry.npmjs.org/apollo-utilities/-/apollo-utilities-1.0.5.tgz",
			"integrity": "sha512-7O99ZQ39kCUUHO7PD7pega1bHtIfkJCATEWb88nIqr0qw7NXSzwKYAgklWVPAryYfHpy/pw39MD7fjhcL2N06g=="
		},
		"bytes": {
			"version": "3.0.0",
			"resolved": "https://registry.npmjs.org/bytes/-/bytes-3.0.0.tgz",
			"integrity": "sha1-0ygVQE1olpn4Wk6k+odV3ROpYEg="
		},
		"content-type": {
			"version": "1.0.4",
			"resolved": "https://registry.npmjs.org/content-type/-/content-type-1.0.4.tgz",
			"integrity": "sha512-hIP3EEPs8tB9AT1L+NUqtwOAps4mk2Zob89MWXMHjHWg9milF/j4osnnQLXBCBFBk/tvIG/tUc9mOUJiPBhPXA=="
		},
		"core-js": {
			"version": "2.5.3",
			"resolved": "https://registry.npmjs.org/core-js/-/core-js-2.5.3.tgz",
			"integrity": "sha1-isw4NFgk8W2DZbfJtCWRaOjtYD4="
		},
		"depd": {
			"version": "1.1.1",
			"resolved": "https://registry.npmjs.org/depd/-/depd-1.1.1.tgz",
			"integrity": "sha1-V4O04cRZ8G+lyif5kfPQbnoxA1k="
		},
		"deprecated-decorator": {
			"version": "0.1.6",
			"resolved": "https://registry.npmjs.org/deprecated-decorator/-/deprecated-decorator-0.1.6.tgz",
			"integrity": "sha1-AJZjF7ehL+kvPMgx91g68ym4bDc="
		},
		"es6-promise": {
			"version": "4.2.4",
			"resolved": "https://registry.npmjs.org/es6-promise/-/es6-promise-4.2.4.tgz",
			"integrity": "sha512-/NdNZVJg+uZgtm9eS3O6lrOLYmQag2DjdEXuPaHlZ6RuVqgqaVZfgYCepEIKsLqwdQArOPtC3XzRLqGGfT8KQQ=="
		},
		"graphql-extensions": {
			"version": "0.0.7",
			"resolved": "https://registry.npmjs.org/graphql-extensions/-/graphql-extensions-0.0.7.tgz",
			"integrity": "sha512-OQQeBySD16f+1JWx6RJ3u7p3zQd0eg/tEvSxwiB7B+nc68SJk77Cd1GtkOusJ52MDtCmD5ybwcoLjU9mNCw6nA==",
			"requires": {
				"core-js": "2.5.3",
				"source-map-support": "0.5.3"
			}
		},
		"graphql-subscriptions": {
			"version": "0.5.6",
			"resolved": "https://registry.npmjs.org/graphql-subscriptions/-/graphql-subscriptions-0.5.6.tgz",
			"integrity": "sha512-LQW9cg0/L/yBMEJFsQwKhDCJifPGh8oWZz29Tzq4DVEwwS65O0Om0YGB1FbK/hP9/lINdEk91khHAKJv3OLGxQ==",
			"requires": {
				"es6-promise": "4.2.4",
				"iterall": "1.1.4"
			}
		},
		"graphql-tools": {
			"version": "2.19.0",
			"resolved": "https://registry.npmjs.org/graphql-tools/-/graphql-tools-2.19.0.tgz",
			"integrity": "sha512-zsBOr++PS8Bnsp55SBuvOIwEDYFDdApX1zwkMJkIGZBfSAMeg5FempSMjMe5u6/kb7gCJrk1bDMNnRpW+VmndQ==",
			"requires": {
				"apollo-link": "1.0.7",
				"apollo-utilities": "1.0.5",
				"deprecated-decorator": "0.1.6",
				"graphql-subscriptions": "0.5.6",
				"uuid": "3.2.1"
			}
		},
		"http-errors": {
			"version": "1.6.2",
			"resolved": "https://registry.npmjs.org/http-errors/-/http-errors-1.6.2.tgz",
			"integrity": "sha1-CgAsyFcHGSp+eUbO7cERVfYOxzY=",
			"requires": {
				"depd": "1.1.1",
				"inherits": "2.0.3",
				"setprototypeof": "1.0.3",
				"statuses": "1.4.0"
			}
		},
		"iconv-lite": {
			"version": "0.4.19",
			"resolved": "https://registry.npmjs.org/iconv-lite/-/iconv-lite-0.4.19.tgz",
			"integrity": "sha512-oTZqweIP51xaGPI4uPa56/Pri/480R+mo7SeU+YETByQNhDG55ycFyNLIgta9vXhILrxXDmF7ZGhqZIcuN0gJQ=="
		},
		"inherits": {
			"version": "2.0.3",
			"resolved": "https://registry.npmjs.org/inherits/-/inherits-2.0.3.tgz",
			"integrity": "sha1-Yzwsg+PaQqUC9SRmAiSA9CCCYd4="
		},
		"is-stream": {
			"version": "1.1.0",
			"resolved": "https://registry.npmjs.org/is-stream/-/is-stream-1.1.0.tgz",
			"integrity": "sha1-EtSj3U5o4Lec6428hBc66A2RykQ="
		},
		"iterall": {
			"version": "1.1.4",
			"resolved": "https://registry.npmjs.org/iterall/-/iterall-1.1.4.tgz",
			"integrity": "sha512-eaDsM/PY8D/X5mYQhecVc5/9xvSHED7yPON+ffQroBeTuqUVm7dfphMkK8NksXuImqZlVRoKtrNfMIVCYIqaUQ=="
		},
		"micro": {
			"version": "9.1.0",
			"resolved": "https://registry.npmjs.org/micro/-/micro-9.1.0.tgz",
			"integrity": "sha512-0Ap4bXS9MyInYSLBe/5u+qEBY3VgcOTQlAt5wGc3DN/Rk4IH+PdRI47x3/xWBxQWt0ISRgmE4+U72sfm4ksthg==",
			"requires": {
				"content-type": "1.0.4",
				"is-stream": "1.1.0",
				"mri": "1.1.0",
				"raw-body": "2.3.2"
			}
		},
		"microrouter": {
			"version": "3.0.0",
			"resolved": "https://registry.npmjs.org/microrouter/-/microrouter-3.0.0.tgz",
			"integrity": "sha512-GtS5fN3ksColxaH0f8zFi6Ptrug7QF8YiM7GnwRDYrejvKUz97CRC0MY8Tup5DiO0RgphARdY1sWdLsu7gWvSQ==",
			"requires": {
				"url-pattern": "1.0.3"
			}
		},
		"mri": {
			"version": "1.1.0",
			"resolved": "https://registry.npmjs.org/mri/-/mri-1.1.0.tgz",
			"integrity": "sha1-XAo/KcjM/7ux7JQdzsCdcfoy82o="
		},
		"raw-body": {
			"version": "2.3.2",
			"resolved": "https://registry.npmjs.org/raw-body/-/raw-body-2.3.2.tgz",
			"integrity": "sha1-vNYMd9Prk83gBQKVw/N5OJvIj4k=",
			"requires": {
				"bytes": "3.0.0",
				"http-errors": "1.6.2",
				"iconv-lite": "0.4.19",
				"unpipe": "1.0.0"
			}
		},
		"setprototypeof": {
			"version": "1.0.3",
			"resolved": "https://registry.npmjs.org/setprototypeof/-/setprototypeof-1.0.3.tgz",
			"integrity": "sha1-ZlZ+NwQ+608E2RvWWMDL77VbjgQ="
		},
		"source-map": {
			"version": "0.6.1",
			"resolved": "https://registry.npmjs.org/source-map/-/source-map-0.6.1.tgz",
			"integrity": "sha512-UjgapumWlbMhkBgzT7Ykc5YXUT46F0iKu8SGXq0bcwP5dz/h0Plj6enJqjz1Zbq2l5WaqYnrVbwWOWMyF3F47g=="
		},
		"source-map-support": {
			"version": "0.5.3",
			"resolved": "https://registry.npmjs.org/source-map-support/-/source-map-support-0.5.3.tgz",
			"integrity": "sha512-eKkTgWYeBOQqFGXRfKabMFdnWepo51vWqEdoeikaEPFiJC7MCU5j2h4+6Q8npkZTeLGbSyecZvRxiSoWl3rh+w==",
			"requires": {
				"source-map": "0.6.1"
			}
		},
		"statuses": {
			"version": "1.4.0",
			"resolved": "https://registry.npmjs.org/statuses/-/statuses-1.4.0.tgz",
			"integrity": "sha512-zhSCtt8v2NDrRlPQpCNtw/heZLtfUDqxBM1udqikb/Hbk52LK4nQSwr10u77iopCW5LsyHpuXS0GnEc48mLeew=="
		},
		"unpipe": {
			"version": "1.0.0",
			"resolved": "https://registry.npmjs.org/unpipe/-/unpipe-1.0.0.tgz",
			"integrity": "sha1-sr9O6FFKrmFltIF4KdIbLvSZBOw="
		},
		"url-pattern": {
			"version": "1.0.3",
			"resolved": "https://registry.npmjs.org/url-pattern/-/url-pattern-1.0.3.tgz",
			"integrity": "sha1-BAkpJHGyTyPFDWWkeTF5PStaz8E="
		},
		"uuid": {
			"version": "3.2.1",
			"resolved": "https://registry.npmjs.org/uuid/-/uuid-3.2.1.tgz",
			"integrity": "sha512-jZnMwlb9Iku/O3smGWvZhauCf6cvvpKi4BKRiliS3cxnI+Gz9j5MEpTz2UFuXiKPJocb7gnsLHwiS05ige5BEA=="
		},
		"zen-observable": {
			"version": "0.6.1",
			"resolved": "https://registry.npmjs.org/zen-observable/-/zen-observable-0.6.1.tgz",
			"integrity": "sha512-DKjFTL7siVLIUMZOFZ0alqMEdTsXPUxoCZzrvB2tdWEVN/6606Qh1nCfSTCAOZMrtcPzzFI3BXmwBKLAew52NA=="
		}
	}
}
